{
  "version": 4,
  "terraform_version": "1.5.7",
  "serial": 3,
  "lineage": "512148c4-627e-4144-0097-4486c7f57fc6",
  "outputs": {},
  "resources": [
    {
      "mode": "managed",
      "type": "hcloud_server",
      "name": "web",
      "provider": "provider[\"registry.terraform.io/hetznercloud/hcloud\"]",
      "instances": [
        {
          "schema_version": 0,
          "attributes": {
            "allow_deprecated_images": false,
            "backup_window": "",
            "backups": false,
            "datacenter": "hel1-dc2",
            "delete_protection": false,
            "firewall_ids": [],
            "id": "53457576",
            "ignore_remote_firewall_ids": false,
            "image": "docker-ce",
            "ipv4_address": "65.108.86.151",
            "ipv6_address": "2a01:4f9:c012:a291::1",
            "ipv6_network": "2a01:4f9:c012:a291::/64",
            "iso": null,
            "keep_disk": false,
            "labels": null,
            "location": "hel1",
            "name": "cloud-server",
            "network": [],
            "placement_group_id": 0,
            "primary_disk_size": 40,
            "public_net": [],
            "rebuild_protection": false,
            "rescue": null,
            "server_type": "cx22",
            "shutdown_before_deletion": false,
            "ssh_keys": null,
            "status": "running",
            "timeouts": null,
            "user_data": null
          },
          "sensitive_attributes": [],
          "private": "eyJlMmJmYjczMC1lY2FhLTExZTYtOGY4OC0zNDM2M2JjN2M0YzAiOnsiY3JlYXRlIjo1NDAwMDAwMDAwMDAwfX0="
        }
      ]
    }
  ],
  "check_results": null
}
