{
  "version": 4,
  "terraform_version": "1.5.7",
  "serial": 24,
  "lineage": "512148c4-627e-4144-0097-4486c7f57fc6",
  "outputs": {},
  "resources": [
    {
      "mode": "managed",
      "type": "hcloud_server",
      "name": "server",
      "provider": "provider[\"registry.terraform.io/hetznercloud/hcloud\"]",
      "instances": [
        {
          "schema_version": 0,
          "attributes": {
            "allow_deprecated_images": false,
            "backup_window": "",
            "backups": false,
            "datacenter": "hel1-dc2",
            "delete_protection": false,
            "firewall_ids": [],
            "id": "53462698",
            "ignore_remote_firewall_ids": false,
            "image": "docker-ce",
            "ipv4_address": "65.108.86.151",
            "ipv6_address": "2a01:4f9:c012:a291::1",
            "ipv6_network": "2a01:4f9:c012:a291::/64",
            "iso": null,
            "keep_disk": false,
            "labels": null,
            "location": "hel1",
            "name": "server",
            "network": [],
            "placement_group_id": 0,
            "primary_disk_size": 40,
            "public_net": [],
            "rebuild_protection": false,
            "rescue": null,
            "server_type": "cx22",
            "shutdown_before_deletion": false,
            "ssh_keys": [
              "23194328"
            ],
            "status": "running",
            "timeouts": null,
            "user_data": null
          },
          "sensitive_attributes": [],
          "private": "eyJlMmJmYjczMC1lY2FhLTExZTYtOGY4OC0zNDM2M2JjN2M0YzAiOnsiY3JlYXRlIjo1NDAwMDAwMDAwMDAwfX0=",
          "dependencies": [
            "hcloud_ssh_key.default"
          ]
        }
      ]
    },
    {
      "mode": "managed",
      "type": "hcloud_ssh_key",
      "name": "default",
      "provider": "provider[\"registry.terraform.io/hetznercloud/hcloud\"]",
      "instances": [
        {
          "schema_version": 0,
          "attributes": {
            "fingerprint": "a5:d2:5d:df:50:e5:a6:e9:4c:15:0c:50:e6:05:ce:07",
            "id": "23194328",
            "labels": {},
            "name": "hetzner_key",
            "public_key": ""
          },
          "sensitive_attributes": []
        }
      ]
    },
    {
      "mode": "managed",
      "type": "hcloud_volume",
      "name": "volume",
      "provider": "provider[\"registry.terraform.io/hetznercloud/hcloud\"]",
      "instances": [
        {
          "schema_version": 0,
          "attributes": {
            "automount": true,
            "delete_protection": false,
            "format": "ext4",
            "id": "101339291",
            "labels": null,
            "linux_device": "/dev/disk/by-id/scsi-0HC_Volume_101339291",
            "location": "hel1",
            "name": "storage",
            "server_id": 53462698,
            "size": 100
          },
          "sensitive_attributes": [],
          "private": "bnVsbA==",
          "dependencies": [
            "hcloud_server.server",
            "hcloud_ssh_key.default"
          ]
        }
      ]
    }
  ],
  "check_results": null
}
